// !$*UTF8*$!
{
	archiveVersion = 1;
	classes = {
	};
	objectVersion = 54;
	objects = {

/* Begin PBXBuildFile section */
		00E356F31AD99517003FC87E /* DrawerTestTests.m in Sources */ = {isa = PBXBuildFile; fileRef = 00E356F21AD99517003FC87E /* DrawerTestTests.m */; };
		0C80B921A6F3F58F76C31292 /* libPods-DrawerTest.a in Frameworks */ = {isa = PBXBuildFile; fileRef = 5DCACB8F33CDC322A6C60F78 /* libPods-DrawerTest.a */; };
		13B07FBC1A68108700A75B9A /* AppDelegate.mm in Sources */ = {isa = PBXBuildFile; fileRef = 13B07FB01A68108700A75B9A /* AppDelegate.mm */; };
		13B07FBF1A68108700A75B9A /* Images.xcassets in Resources */ = {isa = PBXBuildFile; fileRef = 13B07FB51A68108700A75B9A /* Images.xcassets */; };
		13B07FC11A68108700A75B9A /* main.m in Sources */ = {isa = PBXBuildFile; fileRef = 13B07FB71A68108700A75B9A /* main.m */; };
		7699B88040F8A987B510C191 /* libPods-DrawerTest-DrawerTestTests.a in Frameworks */ = {isa = PBXBuildFile; fileRef = 19F6CBCC0A4E27FBF8BF4A61 /* libPods-DrawerTest-DrawerTestTests.a */; };
		81AB9BB82411601600AC10FF /* LaunchScreen.storyboard in Resources */ = {isa = PBXBuildFile; fileRef = 81AB9BB72411601600AC10FF /* LaunchScreen.storyboard */; };
		6909C48DBDA947498587F1DC /* Rajdhani-Bold.ttf in Resources */ = {isa = PBXBuildFile; fileRef = 999518B8CA2949CFBBFE7335 /* Rajdhani-Bold.ttf */; };
		197269FE81D84BA9AE5B501B /* Rajdhani-Light.ttf in Resources */ = {isa = PBXBuildFile; fileRef = 167D19CF922A4B9F9C5227A1 /* Rajdhani-Light.ttf */; };
		9F4ACB83215A45E194173F55 /* Rajdhani-Medium.ttf in Resources */ = {isa = PBXBuildFile; fileRef = FEDF6EBF0FD244598DD2EE9D /* Rajdhani-Medium.ttf */; };
		31D0768F62E0427E9344D133 /* Rajdhani-Regular.ttf in Resources */ = {isa = PBXBuildFile; fileRef = F7CF9E4BCF0249F098121BD3 /* Rajdhani-Regular.ttf */; };
		162C16A8F0C34433A165BD9B /* Rajdhani-SemiBold.ttf in Resources */ = {isa = PBXBuildFile; fileRef = 50B4917A6DF349CFB5B5A360 /* Rajdhani-SemiBold.ttf */; };
		7C9BD698B8DB4206866CDF46 /* TitilliumWeb-Black.ttf in Resources */ = {isa = PBXBuildFile; fileRef = 84E2A75B9F924C39A6557B9A /* TitilliumWeb-Black.ttf */; };
		A4CEEC3B00AD4F06895E6E32 /* TitilliumWeb-Bold.ttf in Resources */ = {isa = PBXBuildFile; fileRef = D8421F1C5194414EA49C3306 /* TitilliumWeb-Bold.ttf */; };
		F67581BC70884D0083091EB9 /* TitilliumWeb-BoldItalic.ttf in Resources */ = {isa = PBXBuildFile; fileRef = AC04551BF97443F08446230B /* TitilliumWeb-BoldItalic.ttf */; };
		639EAD1611684177A89C28F9 /* TitilliumWeb-ExtraLight.ttf in Resources */ = {isa = PBXBuildFile; fileRef = 3040715B67CC44199DAFF51F /* TitilliumWeb-ExtraLight.ttf */; };
		18BEB64DFEDD4AA194390481 /* TitilliumWeb-ExtraLightItalic.ttf in Resources */ = {isa = PBXBuildFile; fileRef = 0594FA0C64D44E87A58B9D6C /* TitilliumWeb-ExtraLightItalic.ttf */; };
		08A707F8CFD94956AFC86DA2 /* TitilliumWeb-Italic.ttf in Resources */ = {isa = PBXBuildFile; fileRef = 16B77671D81747A2933760AA /* TitilliumWeb-Italic.ttf */; };
		FBB3BA3480B74AB1822CEC8F /* TitilliumWeb-Light.ttf in Resources */ = {isa = PBXBuildFile; fileRef = 0A21690B836448DEBEA1B66A /* TitilliumWeb-Light.ttf */; };
		CB068F6B2B0346C4808214B6 /* TitilliumWeb-LightItalic.ttf in Resources */ = {isa = PBXBuildFile; fileRef = B0E49D44283344DBA94C22A9 /* TitilliumWeb-LightItalic.ttf */; };
		F6B86B6C2452455281D8BF4F /* TitilliumWeb-Regular.ttf in Resources */ = {isa = PBXBuildFile; fileRef = D6EFC26FE30549A1A4E78637 /* TitilliumWeb-Regular.ttf */; };
		035A61B5BC37468887A964D9 /* TitilliumWeb-SemiBold.ttf in Resources */ = {isa = PBXBuildFile; fileRef = C380E4124E1E4BEAB9CC6FB7 /* TitilliumWeb-SemiBold.ttf */; };
		EF89DC04C18E4992B7EE3B15 /* TitilliumWeb-SemiBoldItalic.ttf in Resources */ = {isa = PBXBuildFile; fileRef = 4A0F8EB085174B97AEDEC44C /* TitilliumWeb-SemiBoldItalic.ttf */; };
		FCF1544089E4406493E564C3 /* Nunito-Black.ttf in Resources */ = {isa = PBXBuildFile; fileRef = C6DEEF59210E40B898512C8D /* Nunito-Black.ttf */; };
		0C5F0C27972B40AEB3A02869 /* Nunito-BlackItalic.ttf in Resources */ = {isa = PBXBuildFile; fileRef = A3C6A23F29D340F68C7BCE20 /* Nunito-BlackItalic.ttf */; };
		CA8003F5F9B14AD2B71BAF5A /* Nunito-Bold.ttf in Resources */ = {isa = PBXBuildFile; fileRef = FE1982332E8A45F1B067AB08 /* Nunito-Bold.ttf */; };
		6FEDCF6118414A07B0076FC6 /* Nunito-BoldItalic.ttf in Resources */ = {isa = PBXBuildFile; fileRef = E1A7036B92E34CB189E4ECC7 /* Nunito-BoldItalic.ttf */; };
		8E169935FA7C467B8B45397F /* Nunito-ExtraBold.ttf in Resources */ = {isa = PBXBuildFile; fileRef = 3A0236A2CDF04774A766C923 /* Nunito-ExtraBold.ttf */; };
		2AFCF9B7CDB9483F81DEC19A /* Nunito-ExtraBoldItalic.ttf in Resources */ = {isa = PBXBuildFile; fileRef = D86A6C1DD8174844A9E10253 /* Nunito-ExtraBoldItalic.ttf */; };
		A6EEC15D2F8346FE916C5EC9 /* Nunito-ExtraLight.ttf in Resources */ = {isa = PBXBuildFile; fileRef = F38CDF7820C04C359E56749D /* Nunito-ExtraLight.ttf */; };
		C83A67DEAA0E40FEA8722CD8 /* Nunito-ExtraLightItalic.ttf in Resources */ = {isa = PBXBuildFile; fileRef = 3450591FDB1A481FBACC85E9 /* Nunito-ExtraLightItalic.ttf */; };
		A3A00E6924F446898E3DA161 /* Nunito-Italic-VariableFont_wght.ttf in Resources */ = {isa = PBXBuildFile; fileRef = 77066D0C631B468196872DD6 /* Nunito-Italic-VariableFont_wght.ttf */; };
		7DE6196F01A9495A8A53242E /* Nunito-Italic.ttf in Resources */ = {isa = PBXBuildFile; fileRef = AA780FEC905B498882B9D4EA /* Nunito-Italic.ttf */; };
		8C04B2825B7A4D84A40DF5F1 /* Nunito-Light.ttf in Resources */ = {isa = PBXBuildFile; fileRef = F550A7ADEF884E2DB5207C09 /* Nunito-Light.ttf */; };
		D16D47E1FA29489BAFD0CFAC /* Nunito-LightItalic.ttf in Resources */ = {isa = PBXBuildFile; fileRef = AE0D4B373F1844E2A4CCAD45 /* Nunito-LightItalic.ttf */; };
		3973FF2CFC5E4A65B892A801 /* Nunito-Medium.ttf in Resources */ = {isa = PBXBuildFile; fileRef = 599212D082FD488DA62924AB /* Nunito-Medium.ttf */; };
		C247AD73F51F4DF9BD7C9DCF /* Nunito-MediumItalic.ttf in Resources */ = {isa = PBXBuildFile; fileRef = 18E3593319EC4A29AA0DB962 /* Nunito-MediumItalic.ttf */; };
		CEF07A3CAEF2432CA8A223F2 /* Nunito-Regular.ttf in Resources */ = {isa = PBXBuildFile; fileRef = BABDB7D488A442A29643CD8B /* Nunito-Regular.ttf */; };
		92A9998A9D6F42FBAD08BAD7 /* Nunito-SemiBold.ttf in Resources */ = {isa = PBXBuildFile; fileRef = C74A921094314D37A514DC4A /* Nunito-SemiBold.ttf */; };
		8D532D1BA3B44A9092183427 /* Nunito-SemiBoldItalic.ttf in Resources */ = {isa = PBXBuildFile; fileRef = 201C944C1AFD4966927F94AE /* Nunito-SemiBoldItalic.ttf */; };
		195DB5012D9740518D0F99FA /* Nunito-VariableFont_wght.ttf in Resources */ = {isa = PBXBuildFile; fileRef = 3D5A39ACC16545DDBF388100 /* Nunito-VariableFont_wght.ttf */; };
		403CF05C60404259A22029DE /* VarelaRound-Regular.ttf in Resources */ = {isa = PBXBuildFile; fileRef = C6AE26FFC46E426F852527DA /* VarelaRound-Regular.ttf */; };
		8166E0CAA8DC46B88553DB43 /* OFL.txt in Resources */ = {isa = PBXBuildFile; fileRef = AA0C8F49A7244DEEAE717CFF /* OFL.txt */; };
		B27EA2541FD34F898777AF82 /* README.txt in Resources */ = {isa = PBXBuildFile; fileRef = EAF051A979E84D849B29FA3E /* README.txt */; };
		28CE54540742428B98B25C41 /* Alegreya-Black.ttf in Resources */ = {isa = PBXBuildFile; fileRef = 553E366D04994DF78180060B /* Alegreya-Black.ttf */; };
		535616802C7E484FA54EEA73 /* Alegreya-BlackItalic.ttf in Resources */ = {isa = PBXBuildFile; fileRef = B7F7FF69D70B409788BDEE28 /* Alegreya-BlackItalic.ttf */; };
		8104A28968494B0696F5E85F /* Alegreya-Bold.ttf in Resources */ = {isa = PBXBuildFile; fileRef = 92E93551B98B4C0887A3A44A /* Alegreya-Bold.ttf */; };
		B27E80B83E2D420B842B80A1 /* Alegreya-BoldItalic.ttf in Resources */ = {isa = PBXBuildFile; fileRef = A9E9986B1767451EABA514F3 /* Alegreya-BoldItalic.ttf */; };
		ABB7027A8FBA4110BD0764B5 /* Alegreya-ExtraBold.ttf in Resources */ = {isa = PBXBuildFile; fileRef = 0BAB3B560AA145CDBC60DA74 /* Alegreya-ExtraBold.ttf */; };
		D033EB0ADF55437A9E17D20C /* Alegreya-ExtraBoldItalic.ttf in Resources */ = {isa = PBXBuildFile; fileRef = D0FED2E0DA86495CAD03E84D /* Alegreya-ExtraBoldItalic.ttf */; };
		FFDC8044FF7C42CB939E1092 /* Alegreya-Italic.ttf in Resources */ = {isa = PBXBuildFile; fileRef = 241BEFC9F89446F2B1BD7B72 /* Alegreya-Italic.ttf */; };
		79ECC26F33F84F85B3E51FDC /* Alegreya-Medium.ttf in Resources */ = {isa = PBXBuildFile; fileRef = AB696A4DC5FC4E78B2273D5F /* Alegreya-Medium.ttf */; };
		35312E8A0223474DBF55AD8B /* Alegreya-MediumItalic.ttf in Resources */ = {isa = PBXBuildFile; fileRef = B2F808CF89BA4A37BEAD8967 /* Alegreya-MediumItalic.ttf */; };
		A273AAD3A0AF44F984EA981B /* Alegreya-Regular.ttf in Resources */ = {isa = PBXBuildFile; fileRef = E2E24F4BADF3463B84796472 /* Alegreya-Regular.ttf */; };
		B6127497D46D4117B0A2CD41 /* Alegreya-SemiBold.ttf in Resources */ = {isa = PBXBuildFile; fileRef = D35145F6172D4EBABD6558FD /* Alegreya-SemiBold.ttf */; };
		E790F085492D4788B8FC032A /* Alegreya-SemiBoldItalic.ttf in Resources */ = {isa = PBXBuildFile; fileRef = 7F22F69ABD12454A8804561B /* Alegreya-SemiBoldItalic.ttf */; };
/* End PBXBuildFile section */

/* Begin PBXContainerItemProxy section */
		00E356F41AD99517003FC87E /* PBXContainerItemProxy */ = {
			isa = PBXContainerItemProxy;
			containerPortal = 83CBB9F71A601CBA00E9B192 /* Project object */;
			proxyType = 1;
			remoteGlobalIDString = 13B07F861A680F5B00A75B9A;
			remoteInfo = DrawerTest;
		};
/* End PBXContainerItemProxy section */

/* Begin PBXFileReference section */
		00E356EE1AD99517003FC87E /* DrawerTestTests.xctest */ = {isa = PBXFileReference; explicitFileType = wrapper.cfbundle; includeInIndex = 0; path = DrawerTestTests.xctest; sourceTree = BUILT_PRODUCTS_DIR; };
		00E356F11AD99517003FC87E /* Info.plist */ = {isa = PBXFileReference; lastKnownFileType = text.plist.xml; path = Info.plist; sourceTree = "<group>"; };
		00E356F21AD99517003FC87E /* DrawerTestTests.m */ = {isa = PBXFileReference; lastKnownFileType = sourcecode.c.objc; path = DrawerTestTests.m; sourceTree = "<group>"; };
		13B07F961A680F5B00A75B9A /* DrawerTest.app */ = {isa = PBXFileReference; explicitFileType = wrapper.application; includeInIndex = 0; path = DrawerTest.app; sourceTree = BUILT_PRODUCTS_DIR; };
		13B07FAF1A68108700A75B9A /* AppDelegate.h */ = {isa = PBXFileReference; fileEncoding = 4; lastKnownFileType = sourcecode.c.h; name = AppDelegate.h; path = DrawerTest/AppDelegate.h; sourceTree = "<group>"; };
		13B07FB01A68108700A75B9A /* AppDelegate.mm */ = {isa = PBXFileReference; fileEncoding = 4; lastKnownFileType = sourcecode.cpp.objcpp; name = AppDelegate.mm; path = DrawerTest/AppDelegate.mm; sourceTree = "<group>"; };
		13B07FB51A68108700A75B9A /* Images.xcassets */ = {isa = PBXFileReference; lastKnownFileType = folder.assetcatalog; name = Images.xcassets; path = DrawerTest/Images.xcassets; sourceTree = "<group>"; };
		13B07FB61A68108700A75B9A /* Info.plist */ = {isa = PBXFileReference; fileEncoding = 4; lastKnownFileType = text.plist.xml; name = Info.plist; path = DrawerTest/Info.plist; sourceTree = "<group>"; };
		13B07FB71A68108700A75B9A /* main.m */ = {isa = PBXFileReference; fileEncoding = 4; lastKnownFileType = sourcecode.c.objc; name = main.m; path = DrawerTest/main.m; sourceTree = "<group>"; };
		19F6CBCC0A4E27FBF8BF4A61 /* libPods-DrawerTest-DrawerTestTests.a */ = {isa = PBXFileReference; explicitFileType = archive.ar; includeInIndex = 0; path = "libPods-DrawerTest-DrawerTestTests.a"; sourceTree = BUILT_PRODUCTS_DIR; };
		3B4392A12AC88292D35C810B /* Pods-DrawerTest.debug.xcconfig */ = {isa = PBXFileReference; includeInIndex = 1; lastKnownFileType = text.xcconfig; name = "Pods-DrawerTest.debug.xcconfig"; path = "Target Support Files/Pods-DrawerTest/Pods-DrawerTest.debug.xcconfig"; sourceTree = "<group>"; };
		5709B34CF0A7D63546082F79 /* Pods-DrawerTest.release.xcconfig */ = {isa = PBXFileReference; includeInIndex = 1; lastKnownFileType = text.xcconfig; name = "Pods-DrawerTest.release.xcconfig"; path = "Target Support Files/Pods-DrawerTest/Pods-DrawerTest.release.xcconfig"; sourceTree = "<group>"; };
		5B7EB9410499542E8C5724F5 /* Pods-DrawerTest-DrawerTestTests.debug.xcconfig */ = {isa = PBXFileReference; includeInIndex = 1; lastKnownFileType = text.xcconfig; name = "Pods-DrawerTest-DrawerTestTests.debug.xcconfig"; path = "Target Support Files/Pods-DrawerTest-DrawerTestTests/Pods-DrawerTest-DrawerTestTests.debug.xcconfig"; sourceTree = "<group>"; };
		5DCACB8F33CDC322A6C60F78 /* libPods-DrawerTest.a */ = {isa = PBXFileReference; explicitFileType = archive.ar; includeInIndex = 0; path = "libPods-DrawerTest.a"; sourceTree = BUILT_PRODUCTS_DIR; };
		81AB9BB72411601600AC10FF /* LaunchScreen.storyboard */ = {isa = PBXFileReference; fileEncoding = 4; lastKnownFileType = file.storyboard; name = LaunchScreen.storyboard; path = DrawerTest/LaunchScreen.storyboard; sourceTree = "<group>"; };
		89C6BE57DB24E9ADA2F236DE /* Pods-DrawerTest-DrawerTestTests.release.xcconfig */ = {isa = PBXFileReference; includeInIndex = 1; lastKnownFileType = text.xcconfig; name = "Pods-DrawerTest-DrawerTestTests.release.xcconfig"; path = "Target Support Files/Pods-DrawerTest-DrawerTestTests/Pods-DrawerTest-DrawerTestTests.release.xcconfig"; sourceTree = "<group>"; };
		ED297162215061F000B7C4FE /* JavaScriptCore.framework */ = {isa = PBXFileReference; lastKnownFileType = wrapper.framework; name = JavaScriptCore.framework; path = System/Library/Frameworks/JavaScriptCore.framework; sourceTree = SDKROOT; };
		999518B8CA2949CFBBFE7335 /* Rajdhani-Bold.ttf */ = {isa = PBXFileReference; name = "Rajdhani-Bold.ttf"; path = "../assets/fonts/Rajdhani-Bold.ttf"; sourceTree = "<group>"; fileEncoding = undefined; lastKnownFileType = unknown; explicitFileType = undefined; includeInIndex = 0; };
		167D19CF922A4B9F9C5227A1 /* Rajdhani-Light.ttf */ = {isa = PBXFileReference; name = "Rajdhani-Light.ttf"; path = "../assets/fonts/Rajdhani-Light.ttf"; sourceTree = "<group>"; fileEncoding = undefined; lastKnownFileType = unknown; explicitFileType = undefined; includeInIndex = 0; };
		FEDF6EBF0FD244598DD2EE9D /* Rajdhani-Medium.ttf */ = {isa = PBXFileReference; name = "Rajdhani-Medium.ttf"; path = "../assets/fonts/Rajdhani-Medium.ttf"; sourceTree = "<group>"; fileEncoding = undefined; lastKnownFileType = unknown; explicitFileType = undefined; includeInIndex = 0; };
		F7CF9E4BCF0249F098121BD3 /* Rajdhani-Regular.ttf */ = {isa = PBXFileReference; name = "Rajdhani-Regular.ttf"; path = "../assets/fonts/Rajdhani-Regular.ttf"; sourceTree = "<group>"; fileEncoding = undefined; lastKnownFileType = unknown; explicitFileType = undefined; includeInIndex = 0; };
		50B4917A6DF349CFB5B5A360 /* Rajdhani-SemiBold.ttf */ = {isa = PBXFileReference; name = "Rajdhani-SemiBold.ttf"; path = "../assets/fonts/Rajdhani-SemiBold.ttf"; sourceTree = "<group>"; fileEncoding = undefined; lastKnownFileType = unknown; explicitFileType = undefined; includeInIndex = 0; };
		84E2A75B9F924C39A6557B9A /* TitilliumWeb-Black.ttf */ = {isa = PBXFileReference; name = "TitilliumWeb-Black.ttf"; path = "../assets/fonts/TitilliumWeb-Black.ttf"; sourceTree = "<group>"; fileEncoding = undefined; lastKnownFileType = unknown; explicitFileType = undefined; includeInIndex = 0; };
		D8421F1C5194414EA49C3306 /* TitilliumWeb-Bold.ttf */ = {isa = PBXFileReference; name = "TitilliumWeb-Bold.ttf"; path = "../assets/fonts/TitilliumWeb-Bold.ttf"; sourceTree = "<group>"; fileEncoding = undefined; lastKnownFileType = unknown; explicitFileType = undefined; includeInIndex = 0; };
		AC04551BF97443F08446230B /* TitilliumWeb-BoldItalic.ttf */ = {isa = PBXFileReference; name = "TitilliumWeb-BoldItalic.ttf"; path = "../assets/fonts/TitilliumWeb-BoldItalic.ttf"; sourceTree = "<group>"; fileEncoding = undefined; lastKnownFileType = unknown; explicitFileType = undefined; includeInIndex = 0; };
		3040715B67CC44199DAFF51F /* TitilliumWeb-ExtraLight.ttf */ = {isa = PBXFileReference; name = "TitilliumWeb-ExtraLight.ttf"; path = "../assets/fonts/TitilliumWeb-ExtraLight.ttf"; sourceTree = "<group>"; fileEncoding = undefined; lastKnownFileType = unknown; explicitFileType = undefined; includeInIndex = 0; };
		0594FA0C64D44E87A58B9D6C /* TitilliumWeb-ExtraLightItalic.ttf */ = {isa = PBXFileReference; name = "TitilliumWeb-ExtraLightItalic.ttf"; path = "../assets/fonts/TitilliumWeb-ExtraLightItalic.ttf"; sourceTree = "<group>"; fileEncoding = undefined; lastKnownFileType = unknown; explicitFileType = undefined; includeInIndex = 0; };
		16B77671D81747A2933760AA /* TitilliumWeb-Italic.ttf */ = {isa = PBXFileReference; name = "TitilliumWeb-Italic.ttf"; path = "../assets/fonts/TitilliumWeb-Italic.ttf"; sourceTree = "<group>"; fileEncoding = undefined; lastKnownFileType = unknown; explicitFileType = undefined; includeInIndex = 0; };
		0A21690B836448DEBEA1B66A /* TitilliumWeb-Light.ttf */ = {isa = PBXFileReference; name = "TitilliumWeb-Light.ttf"; path = "../assets/fonts/TitilliumWeb-Light.ttf"; sourceTree = "<group>"; fileEncoding = undefined; lastKnownFileType = unknown; explicitFileType = undefined; includeInIndex = 0; };
		B0E49D44283344DBA94C22A9 /* TitilliumWeb-LightItalic.ttf */ = {isa = PBXFileReference; name = "TitilliumWeb-LightItalic.ttf"; path = "../assets/fonts/TitilliumWeb-LightItalic.ttf"; sourceTree = "<group>"; fileEncoding = undefined; lastKnownFileType = unknown; explicitFileType = undefined; includeInIndex = 0; };
		D6EFC26FE30549A1A4E78637 /* TitilliumWeb-Regular.ttf */ = {isa = PBXFileReference; name = "TitilliumWeb-Regular.ttf"; path = "../assets/fonts/TitilliumWeb-Regular.ttf"; sourceTree = "<group>"; fileEncoding = undefined; lastKnownFileType = unknown; explicitFileType = undefined; includeInIndex = 0; };
		C380E4124E1E4BEAB9CC6FB7 /* TitilliumWeb-SemiBold.ttf */ = {isa = PBXFileReference; name = "TitilliumWeb-SemiBold.ttf"; path = "../assets/fonts/TitilliumWeb-SemiBold.ttf"; sourceTree = "<group>"; fileEncoding = undefined; lastKnownFileType = unknown; explicitFileType = undefined; includeInIndex = 0; };
		4A0F8EB085174B97AEDEC44C /* TitilliumWeb-SemiBoldItalic.ttf */ = {isa = PBXFileReference; name = "TitilliumWeb-SemiBoldItalic.ttf"; path = "../assets/fonts/TitilliumWeb-SemiBoldItalic.ttf"; sourceTree = "<group>"; fileEncoding = undefined; lastKnownFileType = unknown; explicitFileType = undefined; includeInIndex = 0; };
		C6DEEF59210E40B898512C8D /* Nunito-Black.ttf */ = {isa = PBXFileReference; name = "Nunito-Black.ttf"; path = "../assets/fonts/Nunito-Black.ttf"; sourceTree = "<group>"; fileEncoding = undefined; lastKnownFileType = unknown; explicitFileType = undefined; includeInIndex = 0; };
		A3C6A23F29D340F68C7BCE20 /* Nunito-BlackItalic.ttf */ = {isa = PBXFileReference; name = "Nunito-BlackItalic.ttf"; path = "../assets/fonts/Nunito-BlackItalic.ttf"; sourceTree = "<group>"; fileEncoding = undefined; lastKnownFileType = unknown; explicitFileType = undefined; includeInIndex = 0; };
		FE1982332E8A45F1B067AB08 /* Nunito-Bold.ttf */ = {isa = PBXFileReference; name = "Nunito-Bold.ttf"; path = "../assets/fonts/Nunito-Bold.ttf"; sourceTree = "<group>"; fileEncoding = undefined; lastKnownFileType = unknown; explicitFileType = undefined; includeInIndex = 0; };
		E1A7036B92E34CB189E4ECC7 /* Nunito-BoldItalic.ttf */ = {isa = PBXFileReference; name = "Nunito-BoldItalic.ttf"; path = "../assets/fonts/Nunito-BoldItalic.ttf"; sourceTree = "<group>"; fileEncoding = undefined; lastKnownFileType = unknown; explicitFileType = undefined; includeInIndex = 0; };
		3A0236A2CDF04774A766C923 /* Nunito-ExtraBold.ttf */ = {isa = PBXFileReference; name = "Nunito-ExtraBold.ttf"; path = "../assets/fonts/Nunito-ExtraBold.ttf"; sourceTree = "<group>"; fileEncoding = undefined; lastKnownFileType = unknown; explicitFileType = undefined; includeInIndex = 0; };
		D86A6C1DD8174844A9E10253 /* Nunito-ExtraBoldItalic.ttf */ = {isa = PBXFileReference; name = "Nunito-ExtraBoldItalic.ttf"; path = "../assets/fonts/Nunito-ExtraBoldItalic.ttf"; sourceTree = "<group>"; fileEncoding = undefined; lastKnownFileType = unknown; explicitFileType = undefined; includeInIndex = 0; };
		F38CDF7820C04C359E56749D /* Nunito-ExtraLight.ttf */ = {isa = PBXFileReference; name = "Nunito-ExtraLight.ttf"; path = "../assets/fonts/Nunito-ExtraLight.ttf"; sourceTree = "<group>"; fileEncoding = undefined; lastKnownFileType = unknown; explicitFileType = undefined; includeInIndex = 0; };
		3450591FDB1A481FBACC85E9 /* Nunito-ExtraLightItalic.ttf */ = {isa = PBXFileReference; name = "Nunito-ExtraLightItalic.ttf"; path = "../assets/fonts/Nunito-ExtraLightItalic.ttf"; sourceTree = "<group>"; fileEncoding = undefined; lastKnownFileType = unknown; explicitFileType = undefined; includeInIndex = 0; };
		77066D0C631B468196872DD6 /* Nunito-Italic-VariableFont_wght.ttf */ = {isa = PBXFileReference; name = "Nunito-Italic-VariableFont_wght.ttf"; path = "../assets/fonts/Nunito-Italic-VariableFont_wght.ttf"; sourceTree = "<group>"; fileEncoding = undefined; lastKnownFileType = unknown; explicitFileType = undefined; includeInIndex = 0; };
		AA780FEC905B498882B9D4EA /* Nunito-Italic.ttf */ = {isa = PBXFileReference; name = "Nunito-Italic.ttf"; path = "../assets/fonts/Nunito-Italic.ttf"; sourceTree = "<group>"; fileEncoding = undefined; lastKnownFileType = unknown; explicitFileType = undefined; includeInIndex = 0; };
		F550A7ADEF884E2DB5207C09 /* Nunito-Light.ttf */ = {isa = PBXFileReference; name = "Nunito-Light.ttf"; path = "../assets/fonts/Nunito-Light.ttf"; sourceTree = "<group>"; fileEncoding = undefined; lastKnownFileType = unknown; explicitFileType = undefined; includeInIndex = 0; };
		AE0D4B373F1844E2A4CCAD45 /* Nunito-LightItalic.ttf */ = {isa = PBXFileReference; name = "Nunito-LightItalic.ttf"; path = "../assets/fonts/Nunito-LightItalic.ttf"; sourceTree = "<group>"; fileEncoding = undefined; lastKnownFileType = unknown; explicitFileType = undefined; includeInIndex = 0; };
		599212D082FD488DA62924AB /* Nunito-Medium.ttf */ = {isa = PBXFileReference; name = "Nunito-Medium.ttf"; path = "../assets/fonts/Nunito-Medium.ttf"; sourceTree = "<group>"; fileEncoding = undefined; lastKnownFileType = unknown; explicitFileType = undefined; includeInIndex = 0; };
		18E3593319EC4A29AA0DB962 /* Nunito-MediumItalic.ttf */ = {isa = PBXFileReference; name = "Nunito-MediumItalic.ttf"; path = "../assets/fonts/Nunito-MediumItalic.ttf"; sourceTree = "<group>"; fileEncoding = undefined; lastKnownFileType = unknown; explicitFileType = undefined; includeInIndex = 0; };
		BABDB7D488A442A29643CD8B /* Nunito-Regular.ttf */ = {isa = PBXFileReference; name = "Nunito-Regular.ttf"; path = "../assets/fonts/Nunito-Regular.ttf"; sourceTree = "<group>"; fileEncoding = undefined; lastKnownFileType = unknown; explicitFileType = undefined; includeInIndex = 0; };
		C74A921094314D37A514DC4A /* Nunito-SemiBold.ttf */ = {isa = PBXFileReference; name = "Nunito-SemiBold.ttf"; path = "../assets/fonts/Nunito-SemiBold.ttf"; sourceTree = "<group>"; fileEncoding = undefined; lastKnownFileType = unknown; explicitFileType = undefined; includeInIndex = 0; };
		201C944C1AFD4966927F94AE /* Nunito-SemiBoldItalic.ttf */ = {isa = PBXFileReference; name = "Nunito-SemiBoldItalic.ttf"; path = "../assets/fonts/Nunito-SemiBoldItalic.ttf"; sourceTree = "<group>"; fileEncoding = undefined; lastKnownFileType = unknown; explicitFileType = undefined; includeInIndex = 0; };
		3D5A39ACC16545DDBF388100 /* Nunito-VariableFont_wght.ttf */ = {isa = PBXFileReference; name = "Nunito-VariableFont_wght.ttf"; path = "../assets/fonts/Nunito-VariableFont_wght.ttf"; sourceTree = "<group>"; fileEncoding = undefined; lastKnownFileType = unknown; explicitFileType = undefined; includeInIndex = 0; };
		C6AE26FFC46E426F852527DA /* VarelaRound-Regular.ttf */ = {isa = PBXFileReference; name = "VarelaRound-Regular.ttf"; path = "../assets/fonts/VarelaRound-Regular.ttf"; sourceTree = "<group>"; fileEncoding = undefined; lastKnownFileType = unknown; explicitFileType = undefined; includeInIndex = 0; };
		AA0C8F49A7244DEEAE717CFF /* OFL.txt */ = {isa = PBXFileReference; name = "OFL.txt"; path = "../assets/fonts/OFL.txt"; sourceTree = "<group>"; fileEncoding = undefined; lastKnownFileType = unknown; explicitFileType = undefined; includeInIndex = 0; };
		EAF051A979E84D849B29FA3E /* README.txt */ = {isa = PBXFileReference; name = "README.txt"; path = "../assets/fonts/README.txt"; sourceTree = "<group>"; fileEncoding = undefined; lastKnownFileType = unknown; explicitFileType = undefined; includeInIndex = 0; };
		553E366D04994DF78180060B /* Alegreya-Black.ttf */ = {isa = PBXFileReference; name = "Alegreya-Black.ttf"; path = "../assets/fonts/Alegreya-Black.ttf"; sourceTree = "<group>"; fileEncoding = undefined; lastKnownFileType = unknown; explicitFileType = undefined; includeInIndex = 0; };
		B7F7FF69D70B409788BDEE28 /* Alegreya-BlackItalic.ttf */ = {isa = PBXFileReference; name = "Alegreya-BlackItalic.ttf"; path = "../assets/fonts/Alegreya-BlackItalic.ttf"; sourceTree = "<group>"; fileEncoding = undefined; lastKnownFileType = unknown; explicitFileType = undefined; includeInIndex = 0; };
		92E93551B98B4C0887A3A44A /* Alegreya-Bold.ttf */ = {isa = PBXFileReference; name = "Alegreya-Bold.ttf"; path = "../assets/fonts/Alegreya-Bold.ttf"; sourceTree = "<group>"; fileEncoding = undefined; lastKnownFileType = unknown; explicitFileType = undefined; includeInIndex = 0; };
		A9E9986B1767451EABA514F3 /* Alegreya-BoldItalic.ttf */ = {isa = PBXFileReference; name = "Alegreya-BoldItalic.ttf"; path = "../assets/fonts/Alegreya-BoldItalic.ttf"; sourceTree = "<group>"; fileEncoding = undefined; lastKnownFileType = unknown; explicitFileType = undefined; includeInIndex = 0; };
		0BAB3B560AA145CDBC60DA74 /* Alegreya-ExtraBold.ttf */ = {isa = PBXFileReference; name = "Alegreya-ExtraBold.ttf"; path = "../assets/fonts/Alegreya-ExtraBold.ttf"; sourceTree = "<group>"; fileEncoding = undefined; lastKnownFileType = unknown; explicitFileType = undefined; includeInIndex = 0; };
		D0FED2E0DA86495CAD03E84D /* Alegreya-ExtraBoldItalic.ttf */ = {isa = PBXFileReference; name = "Alegreya-ExtraBoldItalic.ttf"; path = "../assets/fonts/Alegreya-ExtraBoldItalic.ttf"; sourceTree = "<group>"; fileEncoding = undefined; lastKnownFileType = unknown; explicitFileType = undefined; includeInIndex = 0; };
		241BEFC9F89446F2B1BD7B72 /* Alegreya-Italic.ttf */ = {isa = PBXFileReference; name = "Alegreya-Italic.ttf"; path = "../assets/fonts/Alegreya-Italic.ttf"; sourceTree = "<group>"; fileEncoding = undefined; lastKnownFileType = unknown; explicitFileType = undefined; includeInIndex = 0; };
		AB696A4DC5FC4E78B2273D5F /* Alegreya-Medium.ttf */ = {isa = PBXFileReference; name = "Alegreya-Medium.ttf"; path = "../assets/fonts/Alegreya-Medium.ttf"; sourceTree = "<group>"; fileEncoding = undefined; lastKnownFileType = unknown; explicitFileType = undefined; includeInIndex = 0; };
		B2F808CF89BA4A37BEAD8967 /* Alegreya-MediumItalic.ttf */ = {isa = PBXFileReference; name = "Alegreya-MediumItalic.ttf"; path = "../assets/fonts/Alegreya-MediumItalic.ttf"; sourceTree = "<group>"; fileEncoding = undefined; lastKnownFileType = unknown; explicitFileType = undefined; includeInIndex = 0; };
		E2E24F4BADF3463B84796472 /* Alegreya-Regular.ttf */ = {isa = PBXFileReference; name = "Alegreya-Regular.ttf"; path = "../assets/fonts/Alegreya-Regular.ttf"; sourceTree = "<group>"; fileEncoding = undefined; lastKnownFileType = unknown; explicitFileType = undefined; includeInIndex = 0; };
		D35145F6172D4EBABD6558FD /* Alegreya-SemiBold.ttf */ = {isa = PBXFileReference; name = "Alegreya-SemiBold.ttf"; path = "../assets/fonts/Alegreya-SemiBold.ttf"; sourceTree = "<group>"; fileEncoding = undefined; lastKnownFileType = unknown; explicitFileType = undefined; includeInIndex = 0; };
		7F22F69ABD12454A8804561B /* Alegreya-SemiBoldItalic.ttf */ = {isa = PBXFileReference; name = "Alegreya-SemiBoldItalic.ttf"; path = "../assets/fonts/Alegreya-SemiBoldItalic.ttf"; sourceTree = "<group>"; fileEncoding = undefined; lastKnownFileType = unknown; explicitFileType = undefined; includeInIndex = 0; };
/* End PBXFileReference section */

/* Begin PBXFrameworksBuildPhase section */
		00E356EB1AD99517003FC87E /* Frameworks */ = {
			isa = PBXFrameworksBuildPhase;
			buildActionMask = 2147483647;
			files = (
				7699B88040F8A987B510C191 /* libPods-DrawerTest-DrawerTestTests.a in Frameworks */,
			);
			runOnlyForDeploymentPostprocessing = 0;
		};
		13B07F8C1A680F5B00A75B9A /* Frameworks */ = {
			isa = PBXFrameworksBuildPhase;
			buildActionMask = 2147483647;
			files = (
				0C80B921A6F3F58F76C31292 /* libPods-DrawerTest.a in Frameworks */,
			);
			runOnlyForDeploymentPostprocessing = 0;
		};
/* End PBXFrameworksBuildPhase section */

/* Begin PBXGroup section */
		00E356EF1AD99517003FC87E /* DrawerTestTests */ = {
			isa = PBXGroup;
			children = (
				00E356F21AD99517003FC87E /* DrawerTestTests.m */,
				00E356F01AD99517003FC87E /* Supporting Files */,
			);
			path = DrawerTestTests;
			sourceTree = "<group>";
		};
		00E356F01AD99517003FC87E /* Supporting Files */ = {
			isa = PBXGroup;
			children = (
				00E356F11AD99517003FC87E /* Info.plist */,
			);
			name = "Supporting Files";
			sourceTree = "<group>";
		};
		13B07FAE1A68108700A75B9A /* DrawerTest */ = {
			isa = PBXGroup;
			children = (
				13B07FAF1A68108700A75B9A /* AppDelegate.h */,
				13B07FB01A68108700A75B9A /* AppDelegate.mm */,
				13B07FB51A68108700A75B9A /* Images.xcassets */,
				13B07FB61A68108700A75B9A /* Info.plist */,
				81AB9BB72411601600AC10FF /* LaunchScreen.storyboard */,
				13B07FB71A68108700A75B9A /* main.m */,
			);
			name = DrawerTest;
			sourceTree = "<group>";
		};
		2D16E6871FA4F8E400B85C8A /* Frameworks */ = {
			isa = PBXGroup;
			children = (
				ED297162215061F000B7C4FE /* JavaScriptCore.framework */,
				5DCACB8F33CDC322A6C60F78 /* libPods-DrawerTest.a */,
				19F6CBCC0A4E27FBF8BF4A61 /* libPods-DrawerTest-DrawerTestTests.a */,
			);
			name = Frameworks;
			sourceTree = "<group>";
		};
		832341AE1AAA6A7D00B99B32 /* Libraries */ = {
			isa = PBXGroup;
			children = (
			);
			name = Libraries;
			sourceTree = "<group>";
		};
		83CBB9F61A601CBA00E9B192 = {
			isa = PBXGroup;
			children = (
				13B07FAE1A68108700A75B9A /* DrawerTest */,
				832341AE1AAA6A7D00B99B32 /* Libraries */,
				00E356EF1AD99517003FC87E /* DrawerTestTests */,
				83CBBA001A601CBA00E9B192 /* Products */,
				2D16E6871FA4F8E400B85C8A /* Frameworks */,
				BBD78D7AC51CEA395F1C20DB /* Pods */,
				DF261B5727B547159FB72D0E /* Resources */,
			);
			indentWidth = 2;
			sourceTree = "<group>";
			tabWidth = 2;
			usesTabs = 0;
		};
		83CBBA001A601CBA00E9B192 /* Products */ = {
			isa = PBXGroup;
			children = (
				13B07F961A680F5B00A75B9A /* DrawerTest.app */,
				00E356EE1AD99517003FC87E /* DrawerTestTests.xctest */,
			);
			name = Products;
			sourceTree = "<group>";
		};
		BBD78D7AC51CEA395F1C20DB /* Pods */ = {
			isa = PBXGroup;
			children = (
				3B4392A12AC88292D35C810B /* Pods-DrawerTest.debug.xcconfig */,
				5709B34CF0A7D63546082F79 /* Pods-DrawerTest.release.xcconfig */,
				5B7EB9410499542E8C5724F5 /* Pods-DrawerTest-DrawerTestTests.debug.xcconfig */,
				89C6BE57DB24E9ADA2F236DE /* Pods-DrawerTest-DrawerTestTests.release.xcconfig */,
			);
			path = Pods;
			sourceTree = "<group>";
		};
		DF261B5727B547159FB72D0E /* Resources */ = {
			isa = "PBXGroup";
			children = (
				999518B8CA2949CFBBFE7335 /* Rajdhani-Bold.ttf */,
				167D19CF922A4B9F9C5227A1 /* Rajdhani-Light.ttf */,
				FEDF6EBF0FD244598DD2EE9D /* Rajdhani-Medium.ttf */,
				F7CF9E4BCF0249F098121BD3 /* Rajdhani-Regular.ttf */,
				50B4917A6DF349CFB5B5A360 /* Rajdhani-SemiBold.ttf */,
				84E2A75B9F924C39A6557B9A /* TitilliumWeb-Black.ttf */,
				D8421F1C5194414EA49C3306 /* TitilliumWeb-Bold.ttf */,
				AC04551BF97443F08446230B /* TitilliumWeb-BoldItalic.ttf */,
				3040715B67CC44199DAFF51F /* TitilliumWeb-ExtraLight.ttf */,
				0594FA0C64D44E87A58B9D6C /* TitilliumWeb-ExtraLightItalic.ttf */,
				16B77671D81747A2933760AA /* TitilliumWeb-Italic.ttf */,
				0A21690B836448DEBEA1B66A /* TitilliumWeb-Light.ttf */,
				B0E49D44283344DBA94C22A9 /* TitilliumWeb-LightItalic.ttf */,
				D6EFC26FE30549A1A4E78637 /* TitilliumWeb-Regular.ttf */,
				C380E4124E1E4BEAB9CC6FB7 /* TitilliumWeb-SemiBold.ttf */,
				4A0F8EB085174B97AEDEC44C /* TitilliumWeb-SemiBoldItalic.ttf */,
				C6DEEF59210E40B898512C8D /* Nunito-Black.ttf */,
				A3C6A23F29D340F68C7BCE20 /* Nunito-BlackItalic.ttf */,
				FE1982332E8A45F1B067AB08 /* Nunito-Bold.ttf */,
				E1A7036B92E34CB189E4ECC7 /* Nunito-BoldItalic.ttf */,
				3A0236A2CDF04774A766C923 /* Nunito-ExtraBold.ttf */,
				D86A6C1DD8174844A9E10253 /* Nunito-ExtraBoldItalic.ttf */,
				F38CDF7820C04C359E56749D /* Nunito-ExtraLight.ttf */,
				3450591FDB1A481FBACC85E9 /* Nunito-ExtraLightItalic.ttf */,
				77066D0C631B468196872DD6 /* Nunito-Italic-VariableFont_wght.ttf */,
				AA780FEC905B498882B9D4EA /* Nunito-Italic.ttf */,
				F550A7ADEF884E2DB5207C09 /* Nunito-Light.ttf */,
				AE0D4B373F1844E2A4CCAD45 /* Nunito-LightItalic.ttf */,
				599212D082FD488DA62924AB /* Nunito-Medium.ttf */,
				18E3593319EC4A29AA0DB962 /* Nunito-MediumItalic.ttf */,
				BABDB7D488A442A29643CD8B /* Nunito-Regular.ttf */,
				C74A921094314D37A514DC4A /* Nunito-SemiBold.ttf */,
				201C944C1AFD4966927F94AE /* Nunito-SemiBoldItalic.ttf */,
				3D5A39ACC16545DDBF388100 /* Nunito-VariableFont_wght.ttf */,
				C6AE26FFC46E426F852527DA /* VarelaRound-Regular.ttf */,
				AA0C8F49A7244DEEAE717CFF /* OFL.txt */,
				EAF051A979E84D849B29FA3E /* README.txt */,
				553E366D04994DF78180060B /* Alegreya-Black.ttf */,
				B7F7FF69D70B409788BDEE28 /* Alegreya-BlackItalic.ttf */,
				92E93551B98B4C0887A3A44A /* Alegreya-Bold.ttf */,
				A9E9986B1767451EABA514F3 /* Alegreya-BoldItalic.ttf */,
				0BAB3B560AA145CDBC60DA74 /* Alegreya-ExtraBold.ttf */,
				D0FED2E0DA86495CAD03E84D /* Alegreya-ExtraBoldItalic.ttf */,
				241BEFC9F89446F2B1BD7B72 /* Alegreya-Italic.ttf */,
				AB696A4DC5FC4E78B2273D5F /* Alegreya-Medium.ttf */,
				B2F808CF89BA4A37BEAD8967 /* Alegreya-MediumItalic.ttf */,
				E2E24F4BADF3463B84796472 /* Alegreya-Regular.ttf */,
				D35145F6172D4EBABD6558FD /* Alegreya-SemiBold.ttf */,
				7F22F69ABD12454A8804561B /* Alegreya-SemiBoldItalic.ttf */,
			);
			name = Resources;
			sourceTree = "<group>";
			path = "";
		};
/* End PBXGroup section */

/* Begin PBXNativeTarget section */
		00E356ED1AD99517003FC87E /* DrawerTestTests */ = {
			isa = PBXNativeTarget;
			buildConfigurationList = 00E357021AD99517003FC87E /* Build configuration list for PBXNativeTarget "DrawerTestTests" */;
			buildPhases = (
				A55EABD7B0C7F3A422A6CC61 /* [CP] Check Pods Manifest.lock */,
				00E356EA1AD99517003FC87E /* Sources */,
				00E356EB1AD99517003FC87E /* Frameworks */,
				00E356EC1AD99517003FC87E /* Resources */,
				C59DA0FBD6956966B86A3779 /* [CP] Embed Pods Frameworks */,
				F6A41C54EA430FDDC6A6ED99 /* [CP] Copy Pods Resources */,
			);
			buildRules = (
			);
			dependencies = (
				00E356F51AD99517003FC87E /* PBXTargetDependency */,
			);
			name = DrawerTestTests;
			productName = DrawerTestTests;
			productReference = 00E356EE1AD99517003FC87E /* DrawerTestTests.xctest */;
			productType = "com.apple.product-type.bundle.unit-test";
		};
		13B07F861A680F5B00A75B9A /* DrawerTest */ = {
			isa = PBXNativeTarget;
			buildConfigurationList = 13B07F931A680F5B00A75B9A /* Build configuration list for PBXNativeTarget "DrawerTest" */;
			buildPhases = (
				C38B50BA6285516D6DCD4F65 /* [CP] Check Pods Manifest.lock */,
				FD10A7F022414F080027D42C /* Start Packager */,
				13B07F871A680F5B00A75B9A /* Sources */,
				13B07F8C1A680F5B00A75B9A /* Frameworks */,
				13B07F8E1A680F5B00A75B9A /* Resources */,
				00DD1BFF1BD5951E006B06BC /* Bundle React Native code and images */,
				00EEFC60759A1932668264C0 /* [CP] Embed Pods Frameworks */,
				E235C05ADACE081382539298 /* [CP] Copy Pods Resources */,
			);
			buildRules = (
			);
			dependencies = (
			);
			name = DrawerTest;
			productName = DrawerTest;
			productReference = 13B07F961A680F5B00A75B9A /* DrawerTest.app */;
			productType = "com.apple.product-type.application";
		};
/* End PBXNativeTarget section */

/* Begin PBXProject section */
		83CBB9F71A601CBA00E9B192 /* Project object */ = {
			isa = PBXProject;
			attributes = {
				LastUpgradeCheck = 1210;
				TargetAttributes = {
					00E356ED1AD99517003FC87E = {
						CreatedOnToolsVersion = 6.2;
						TestTargetID = 13B07F861A680F5B00A75B9A;
					};
					13B07F861A680F5B00A75B9A = {
						LastSwiftMigration = 1120;
					};
				};
			};
			buildConfigurationList = 83CBB9FA1A601CBA00E9B192 /* Build configuration list for PBXProject "DrawerTest" */;
			compatibilityVersion = "Xcode 12.0";
			developmentRegion = en;
			hasScannedForEncodings = 0;
			knownRegions = (
				en,
				Base,
			);
			mainGroup = 83CBB9F61A601CBA00E9B192;
			productRefGroup = 83CBBA001A601CBA00E9B192 /* Products */;
			projectDirPath = "";
			projectRoot = "";
			targets = (
				13B07F861A680F5B00A75B9A /* DrawerTest */,
				00E356ED1AD99517003FC87E /* DrawerTestTests */,
			);
		};
/* End PBXProject section */

/* Begin PBXResourcesBuildPhase section */
		00E356EC1AD99517003FC87E /* Resources */ = {
			isa = PBXResourcesBuildPhase;
			buildActionMask = 2147483647;
			files = (
			);
			runOnlyForDeploymentPostprocessing = 0;
		};
		13B07F8E1A680F5B00A75B9A /* Resources */ = {
			isa = PBXResourcesBuildPhase;
			buildActionMask = 2147483647;
			files = (
				81AB9BB82411601600AC10FF /* LaunchScreen.storyboard in Resources */,
				13B07FBF1A68108700A75B9A /* Images.xcassets in Resources */,
				6909C48DBDA947498587F1DC /* Rajdhani-Bold.ttf in Resources */,
				197269FE81D84BA9AE5B501B /* Rajdhani-Light.ttf in Resources */,
				9F4ACB83215A45E194173F55 /* Rajdhani-Medium.ttf in Resources */,
				31D0768F62E0427E9344D133 /* Rajdhani-Regular.ttf in Resources */,
				162C16A8F0C34433A165BD9B /* Rajdhani-SemiBold.ttf in Resources */,
				7C9BD698B8DB4206866CDF46 /* TitilliumWeb-Black.ttf in Resources */,
				A4CEEC3B00AD4F06895E6E32 /* TitilliumWeb-Bold.ttf in Resources */,
				F67581BC70884D0083091EB9 /* TitilliumWeb-BoldItalic.ttf in Resources */,
				639EAD1611684177A89C28F9 /* TitilliumWeb-ExtraLight.ttf in Resources */,
				18BEB64DFEDD4AA194390481 /* TitilliumWeb-ExtraLightItalic.ttf in Resources */,
				08A707F8CFD94956AFC86DA2 /* TitilliumWeb-Italic.ttf in Resources */,
				FBB3BA3480B74AB1822CEC8F /* TitilliumWeb-Light.ttf in Resources */,
				CB068F6B2B0346C4808214B6 /* TitilliumWeb-LightItalic.ttf in Resources */,
				F6B86B6C2452455281D8BF4F /* TitilliumWeb-Regular.ttf in Resources */,
				035A61B5BC37468887A964D9 /* TitilliumWeb-SemiBold.ttf in Resources */,
				EF89DC04C18E4992B7EE3B15 /* TitilliumWeb-SemiBoldItalic.ttf in Resources */,
				FCF1544089E4406493E564C3 /* Nunito-Black.ttf in Resources */,
				0C5F0C27972B40AEB3A02869 /* Nunito-BlackItalic.ttf in Resources */,
				CA8003F5F9B14AD2B71BAF5A /* Nunito-Bold.ttf in Resources */,
				6FEDCF6118414A07B0076FC6 /* Nunito-BoldItalic.ttf in Resources */,
				8E169935FA7C467B8B45397F /* Nunito-ExtraBold.ttf in Resources */,
				2AFCF9B7CDB9483F81DEC19A /* Nunito-ExtraBoldItalic.ttf in Resources */,
				A6EEC15D2F8346FE916C5EC9 /* Nunito-ExtraLight.ttf in Resources */,
				C83A67DEAA0E40FEA8722CD8 /* Nunito-ExtraLightItalic.ttf in Resources */,
				A3A00E6924F446898E3DA161 /* Nunito-Italic-VariableFont_wght.ttf in Resources */,
				7DE6196F01A9495A8A53242E /* Nunito-Italic.ttf in Resources */,
				8C04B2825B7A4D84A40DF5F1 /* Nunito-Light.ttf in Resources */,
				D16D47E1FA29489BAFD0CFAC /* Nunito-LightItalic.ttf in Resources */,
				3973FF2CFC5E4A65B892A801 /* Nunito-Medium.ttf in Resources */,
				C247AD73F51F4DF9BD7C9DCF /* Nunito-MediumItalic.ttf in Resources */,
				CEF07A3CAEF2432CA8A223F2 /* Nunito-Regular.ttf in Resources */,
				92A9998A9D6F42FBAD08BAD7 /* Nunito-SemiBold.ttf in Resources */,
				8D532D1BA3B44A9092183427 /* Nunito-SemiBoldItalic.ttf in Resources */,
				195DB5012D9740518D0F99FA /* Nunito-VariableFont_wght.ttf in Resources */,
				403CF05C60404259A22029DE /* VarelaRound-Regular.ttf in Resources */,
				8166E0CAA8DC46B88553DB43 /* OFL.txt in Resources */,
				B27EA2541FD34F898777AF82 /* README.txt in Resources */,
				28CE54540742428B98B25C41 /* Alegreya-Black.ttf in Resources */,
				535616802C7E484FA54EEA73 /* Alegreya-BlackItalic.ttf in Resources */,
				8104A28968494B0696F5E85F /* Alegreya-Bold.ttf in Resources */,
				B27E80B83E2D420B842B80A1 /* Alegreya-BoldItalic.ttf in Resources */,
				ABB7027A8FBA4110BD0764B5 /* Alegreya-ExtraBold.ttf in Resources */,
				D033EB0ADF55437A9E17D20C /* Alegreya-ExtraBoldItalic.ttf in Resources */,
				FFDC8044FF7C42CB939E1092 /* Alegreya-Italic.ttf in Resources */,
				79ECC26F33F84F85B3E51FDC /* Alegreya-Medium.ttf in Resources */,
				35312E8A0223474DBF55AD8B /* Alegreya-MediumItalic.ttf in Resources */,
				A273AAD3A0AF44F984EA981B /* Alegreya-Regular.ttf in Resources */,
				B6127497D46D4117B0A2CD41 /* Alegreya-SemiBold.ttf in Resources */,
				E790F085492D4788B8FC032A /* Alegreya-SemiBoldItalic.ttf in Resources */,
			);
			runOnlyForDeploymentPostprocessing = 0;
		};
/* End PBXResourcesBuildPhase section */

/* Begin PBXShellScriptBuildPhase section */
		00DD1BFF1BD5951E006B06BC /* Bundle React Native code and images */ = {
			isa = PBXShellScriptBuildPhase;
			buildActionMask = 2147483647;
			files = (
			);
			inputPaths = (
				"$(SRCROOT)/.xcode.env.local",
				"$(SRCROOT)/.xcode.env",
			);
			name = "Bundle React Native code and images";
			outputPaths = (
			);
			runOnlyForDeploymentPostprocessing = 0;
			shellPath = /bin/sh;
			shellScript = "set -e\n\nWITH_ENVIRONMENT=\"../node_modules/react-native/scripts/xcode/with-environment.sh\"\nREACT_NATIVE_XCODE=\"../node_modules/react-native/scripts/react-native-xcode.sh\"\n\n/bin/sh -c \"$WITH_ENVIRONMENT $REACT_NATIVE_XCODE\"\n";
		};
		00EEFC60759A1932668264C0 /* [CP] Embed Pods Frameworks */ = {
			isa = PBXShellScriptBuildPhase;
			buildActionMask = 2147483647;
			files = (
			);
			inputFileListPaths = (
				"${PODS_ROOT}/Target Support Files/Pods-DrawerTest/Pods-DrawerTest-frameworks-${CONFIGURATION}-input-files.xcfilelist",
			);
			name = "[CP] Embed Pods Frameworks";
			outputFileListPaths = (
				"${PODS_ROOT}/Target Support Files/Pods-DrawerTest/Pods-DrawerTest-frameworks-${CONFIGURATION}-output-files.xcfilelist",
			);
			runOnlyForDeploymentPostprocessing = 0;
			shellPath = /bin/sh;
			shellScript = "\"${PODS_ROOT}/Target Support Files/Pods-DrawerTest/Pods-DrawerTest-frameworks.sh\"\n";
			showEnvVarsInLog = 0;
		};
		A55EABD7B0C7F3A422A6CC61 /* [CP] Check Pods Manifest.lock */ = {
			isa = PBXShellScriptBuildPhase;
			buildActionMask = 2147483647;
			files = (
			);
			inputFileListPaths = (
			);
			inputPaths = (
				"${PODS_PODFILE_DIR_PATH}/Podfile.lock",
				"${PODS_ROOT}/Manifest.lock",
			);
			name = "[CP] Check Pods Manifest.lock";
			outputFileListPaths = (
			);
			outputPaths = (
				"$(DERIVED_FILE_DIR)/Pods-DrawerTest-DrawerTestTests-checkManifestLockResult.txt",
			);
			runOnlyForDeploymentPostprocessing = 0;
			shellPath = /bin/sh;
			shellScript = "diff \"${PODS_PODFILE_DIR_PATH}/Podfile.lock\" \"${PODS_ROOT}/Manifest.lock\" > /dev/null\nif [ $? != 0 ] ; then\n    # print error to STDERR\n    echo \"error: The sandbox is not in sync with the Podfile.lock. Run 'pod install' or update your CocoaPods installation.\" >&2\n    exit 1\nfi\n# This output is used by Xcode 'outputs' to avoid re-running this script phase.\necho \"SUCCESS\" > \"${SCRIPT_OUTPUT_FILE_0}\"\n";
			showEnvVarsInLog = 0;
		};
		C38B50BA6285516D6DCD4F65 /* [CP] Check Pods Manifest.lock */ = {
			isa = PBXShellScriptBuildPhase;
			buildActionMask = 2147483647;
			files = (
			);
			inputFileListPaths = (
			);
			inputPaths = (
				"${PODS_PODFILE_DIR_PATH}/Podfile.lock",
				"${PODS_ROOT}/Manifest.lock",
			);
			name = "[CP] Check Pods Manifest.lock";
			outputFileListPaths = (
			);
			outputPaths = (
				"$(DERIVED_FILE_DIR)/Pods-DrawerTest-checkManifestLockResult.txt",
			);
			runOnlyForDeploymentPostprocessing = 0;
			shellPath = /bin/sh;
			shellScript = "diff \"${PODS_PODFILE_DIR_PATH}/Podfile.lock\" \"${PODS_ROOT}/Manifest.lock\" > /dev/null\nif [ $? != 0 ] ; then\n    # print error to STDERR\n    echo \"error: The sandbox is not in sync with the Podfile.lock. Run 'pod install' or update your CocoaPods installation.\" >&2\n    exit 1\nfi\n# This output is used by Xcode 'outputs' to avoid re-running this script phase.\necho \"SUCCESS\" > \"${SCRIPT_OUTPUT_FILE_0}\"\n";
			showEnvVarsInLog = 0;
		};
		C59DA0FBD6956966B86A3779 /* [CP] Embed Pods Frameworks */ = {
			isa = PBXShellScriptBuildPhase;
			buildActionMask = 2147483647;
			files = (
			);
			inputFileListPaths = (
				"${PODS_ROOT}/Target Support Files/Pods-DrawerTest-DrawerTestTests/Pods-DrawerTest-DrawerTestTests-frameworks-${CONFIGURATION}-input-files.xcfilelist",
			);
			name = "[CP] Embed Pods Frameworks";
			outputFileListPaths = (
				"${PODS_ROOT}/Target Support Files/Pods-DrawerTest-DrawerTestTests/Pods-DrawerTest-DrawerTestTests-frameworks-${CONFIGURATION}-output-files.xcfilelist",
			);
			runOnlyForDeploymentPostprocessing = 0;
			shellPath = /bin/sh;
			shellScript = "\"${PODS_ROOT}/Target Support Files/Pods-DrawerTest-DrawerTestTests/Pods-DrawerTest-DrawerTestTests-frameworks.sh\"\n";
			showEnvVarsInLog = 0;
		};
		E235C05ADACE081382539298 /* [CP] Copy Pods Resources */ = {
			isa = PBXShellScriptBuildPhase;
			buildActionMask = 2147483647;
			files = (
			);
			inputFileListPaths = (
				"${PODS_ROOT}/Target Support Files/Pods-DrawerTest/Pods-DrawerTest-resources-${CONFIGURATION}-input-files.xcfilelist",
			);
			name = "[CP] Copy Pods Resources";
			outputFileListPaths = (
				"${PODS_ROOT}/Target Support Files/Pods-DrawerTest/Pods-DrawerTest-resources-${CONFIGURATION}-output-files.xcfilelist",
			);
			runOnlyForDeploymentPostprocessing = 0;
			shellPath = /bin/sh;
			shellScript = "\"${PODS_ROOT}/Target Support Files/Pods-DrawerTest/Pods-DrawerTest-resources.sh\"\n";
			showEnvVarsInLog = 0;
		};
		F6A41C54EA430FDDC6A6ED99 /* [CP] Copy Pods Resources */ = {
			isa = PBXShellScriptBuildPhase;
			buildActionMask = 2147483647;
			files = (
			);
			inputFileListPaths = (
				"${PODS_ROOT}/Target Support Files/Pods-DrawerTest-DrawerTestTests/Pods-DrawerTest-DrawerTestTests-resources-${CONFIGURATION}-input-files.xcfilelist",
			);
			name = "[CP] Copy Pods Resources";
			outputFileListPaths = (
				"${PODS_ROOT}/Target Support Files/Pods-DrawerTest-DrawerTestTests/Pods-DrawerTest-DrawerTestTests-resources-${CONFIGURATION}-output-files.xcfilelist",
			);
			runOnlyForDeploymentPostprocessing = 0;
			shellPath = /bin/sh;
			shellScript = "\"${PODS_ROOT}/Target Support Files/Pods-DrawerTest-DrawerTestTests/Pods-DrawerTest-DrawerTestTests-resources.sh\"\n";
			showEnvVarsInLog = 0;
		};
		FD10A7F022414F080027D42C /* Start Packager */ = {
			isa = PBXShellScriptBuildPhase;
			buildActionMask = 2147483647;
			files = (
			);
			inputFileListPaths = (
			);
			inputPaths = (
			);
			name = "Start Packager";
			outputFileListPaths = (
			);
			outputPaths = (
			);
			runOnlyForDeploymentPostprocessing = 0;
			shellPath = /bin/sh;
			shellScript = "export RCT_METRO_PORT=\"${RCT_METRO_PORT:=8081}\"\necho \"export RCT_METRO_PORT=${RCT_METRO_PORT}\" > \"${SRCROOT}/../node_modules/react-native/scripts/.packager.env\"\nif [ -z \"${RCT_NO_LAUNCH_PACKAGER+xxx}\" ] ; then\n  if nc -w 5 -z localhost ${RCT_METRO_PORT} ; then\n    if ! curl -s \"http://localhost:${RCT_METRO_PORT}/status\" | grep -q \"packager-status:running\" ; then\n      echo \"Port ${RCT_METRO_PORT} already in use, packager is either not running or not running correctly\"\n      exit 2\n    fi\n  else\n    open \"$SRCROOT/../node_modules/react-native/scripts/launchPackager.command\" || echo \"Can't start packager automatically\"\n  fi\nfi\n";
			showEnvVarsInLog = 0;
		};
/* End PBXShellScriptBuildPhase section */

/* Begin PBXSourcesBuildPhase section */
		00E356EA1AD99517003FC87E /* Sources */ = {
			isa = PBXSourcesBuildPhase;
			buildActionMask = 2147483647;
			files = (
				00E356F31AD99517003FC87E /* DrawerTestTests.m in Sources */,
			);
			runOnlyForDeploymentPostprocessing = 0;
		};
		13B07F871A680F5B00A75B9A /* Sources */ = {
			isa = PBXSourcesBuildPhase;
			buildActionMask = 2147483647;
			files = (
				13B07FBC1A68108700A75B9A /* AppDelegate.mm in Sources */,
				13B07FC11A68108700A75B9A /* main.m in Sources */,
			);
			runOnlyForDeploymentPostprocessing = 0;
		};
/* End PBXSourcesBuildPhase section */

/* Begin PBXTargetDependency section */
		00E356F51AD99517003FC87E /* PBXTargetDependency */ = {
			isa = PBXTargetDependency;
			target = 13B07F861A680F5B00A75B9A /* DrawerTest */;
			targetProxy = 00E356F41AD99517003FC87E /* PBXContainerItemProxy */;
		};
/* End PBXTargetDependency section */

/* Begin XCBuildConfiguration section */
		00E356F61AD99517003FC87E /* Debug */ = {
			isa = XCBuildConfiguration;
			baseConfigurationReference = 5B7EB9410499542E8C5724F5 /* Pods-DrawerTest-DrawerTestTests.debug.xcconfig */;
			buildSettings = {
				BUNDLE_LOADER = "$(TEST_HOST)";
				GCC_PREPROCESSOR_DEFINITIONS = (
					"DEBUG=1",
					"$(inherited)",
				);
				INFOPLIST_FILE = DrawerTestTests/Info.plist;
				IPHONEOS_DEPLOYMENT_TARGET = 12.4;
				LD_RUNPATH_SEARCH_PATHS = (
					"$(inherited)",
					"@executable_path/Frameworks",
					"@loader_path/Frameworks",
				);
				OTHER_LDFLAGS = (
					"-ObjC",
					"-lc++",
					"$(inherited)",
				);
				PRODUCT_BUNDLE_IDENTIFIER = "org.reactjs.native.example.$(PRODUCT_NAME:rfc1034identifier)";
				PRODUCT_NAME = "$(TARGET_NAME)";
				TEST_HOST = "$(BUILT_PRODUCTS_DIR)/DrawerTest.app/DrawerTest";
			};
			name = Debug;
		};
		00E356F71AD99517003FC87E /* Release */ = {
			isa = XCBuildConfiguration;
			baseConfigurationReference = 89C6BE57DB24E9ADA2F236DE /* Pods-DrawerTest-DrawerTestTests.release.xcconfig */;
			buildSettings = {
				BUNDLE_LOADER = "$(TEST_HOST)";
				COPY_PHASE_STRIP = NO;
				INFOPLIST_FILE = DrawerTestTests/Info.plist;
				IPHONEOS_DEPLOYMENT_TARGET = 12.4;
				LD_RUNPATH_SEARCH_PATHS = (
					"$(inherited)",
					"@executable_path/Frameworks",
					"@loader_path/Frameworks",
				);
				OTHER_LDFLAGS = (
					"-ObjC",
					"-lc++",
					"$(inherited)",
				);
				PRODUCT_BUNDLE_IDENTIFIER = "org.reactjs.native.example.$(PRODUCT_NAME:rfc1034identifier)";
				PRODUCT_NAME = "$(TARGET_NAME)";
				TEST_HOST = "$(BUILT_PRODUCTS_DIR)/DrawerTest.app/DrawerTest";
			};
			name = Release;
		};
		13B07F941A680F5B00A75B9A /* Debug */ = {
			isa = XCBuildConfiguration;
			baseConfigurationReference = 3B4392A12AC88292D35C810B /* Pods-DrawerTest.debug.xcconfig */;
			buildSettings = {
				ASSETCATALOG_COMPILER_APPICON_NAME = AppIcon;
				CLANG_ENABLE_MODULES = YES;
				CURRENT_PROJECT_VERSION = 1;
				ENABLE_BITCODE = NO;
				INFOPLIST_FILE = DrawerTest/Info.plist;
				LD_RUNPATH_SEARCH_PATHS = (
					"$(inherited)",
					"@executable_path/Frameworks",
				);
				MARKETING_VERSION = 1.0;
				OTHER_LDFLAGS = (
					"$(inherited)",
					"-ObjC",
					"-lc++",
				);
				PRODUCT_BUNDLE_IDENTIFIER = "org.reactjs.native.example.$(PRODUCT_NAME:rfc1034identifier)";
				PRODUCT_NAME = DrawerTest;
				SWIFT_OPTIMIZATION_LEVEL = "-Onone";
				SWIFT_VERSION = 5.0;
				VERSIONING_SYSTEM = "apple-generic";
			};
			name = Debug;
		};
		13B07F951A680F5B00A75B9A /* Release */ = {
			isa = XCBuildConfiguration;
			baseConfigurationReference = 5709B34CF0A7D63546082F79 /* Pods-DrawerTest.release.xcconfig */;
			buildSettings = {
				ASSETCATALOG_COMPILER_APPICON_NAME = AppIcon;
				CLANG_ENABLE_MODULES = YES;
				CURRENT_PROJECT_VERSION = 1;
				INFOPLIST_FILE = DrawerTest/Info.plist;
				LD_RUNPATH_SEARCH_PATHS = (
					"$(inherited)",
					"@executable_path/Frameworks",
				);
				MARKETING_VERSION = 1.0;
				OTHER_LDFLAGS = (
					"$(inherited)",
					"-ObjC",
					"-lc++",
				);
				PRODUCT_BUNDLE_IDENTIFIER = "org.reactjs.native.example.$(PRODUCT_NAME:rfc1034identifier)";
				PRODUCT_NAME = DrawerTest;
				SWIFT_VERSION = 5.0;
				VERSIONING_SYSTEM = "apple-generic";
			};
			name = Release;
		};
		83CBBA201A601CBA00E9B192 /* Debug */ = {
			isa = XCBuildConfiguration;
			buildSettings = {
				ALWAYS_SEARCH_USER_PATHS = NO;
				CLANG_ANALYZER_LOCALIZABILITY_NONLOCALIZED = YES;
				CLANG_CXX_LANGUAGE_STANDARD = "c++17";
				CLANG_CXX_LIBRARY = "libc++";
				CLANG_ENABLE_MODULES = YES;
				CLANG_ENABLE_OBJC_ARC = YES;
				CLANG_WARN_BLOCK_CAPTURE_AUTORELEASING = YES;
				CLANG_WARN_BOOL_CONVERSION = YES;
				CLANG_WARN_COMMA = YES;
				CLANG_WARN_CONSTANT_CONVERSION = YES;
				CLANG_WARN_DEPRECATED_OBJC_IMPLEMENTATIONS = YES;
				CLANG_WARN_DIRECT_OBJC_ISA_USAGE = YES_ERROR;
				CLANG_WARN_EMPTY_BODY = YES;
				CLANG_WARN_ENUM_CONVERSION = YES;
				CLANG_WARN_INFINITE_RECURSION = YES;
				CLANG_WARN_INT_CONVERSION = YES;
				CLANG_WARN_NON_LITERAL_NULL_CONVERSION = YES;
				CLANG_WARN_OBJC_IMPLICIT_RETAIN_SELF = YES;
				CLANG_WARN_OBJC_LITERAL_CONVERSION = YES;
				CLANG_WARN_OBJC_ROOT_CLASS = YES_ERROR;
				CLANG_WARN_QUOTED_INCLUDE_IN_FRAMEWORK_HEADER = YES;
				CLANG_WARN_RANGE_LOOP_ANALYSIS = YES;
				CLANG_WARN_STRICT_PROTOTYPES = YES;
				CLANG_WARN_SUSPICIOUS_MOVE = YES;
				CLANG_WARN_UNREACHABLE_CODE = YES;
				CLANG_WARN__DUPLICATE_METHOD_MATCH = YES;
				"CODE_SIGN_IDENTITY[sdk=iphoneos*]" = "iPhone Developer";
				COPY_PHASE_STRIP = NO;
				ENABLE_STRICT_OBJC_MSGSEND = YES;
				ENABLE_TESTABILITY = YES;
				"EXCLUDED_ARCHS[sdk=iphonesimulator*]" = "";
				GCC_C_LANGUAGE_STANDARD = gnu99;
				GCC_DYNAMIC_NO_PIC = NO;
				GCC_NO_COMMON_BLOCKS = YES;
				GCC_OPTIMIZATION_LEVEL = 0;
				GCC_PREPROCESSOR_DEFINITIONS = (
					"DEBUG=1",
					"$(inherited)",
				);
				GCC_SYMBOLS_PRIVATE_EXTERN = NO;
				GCC_WARN_64_TO_32_BIT_CONVERSION = YES;
				GCC_WARN_ABOUT_RETURN_TYPE = YES_ERROR;
				GCC_WARN_UNDECLARED_SELECTOR = YES;
				GCC_WARN_UNINITIALIZED_AUTOS = YES_AGGRESSIVE;
				GCC_WARN_UNUSED_FUNCTION = YES;
				GCC_WARN_UNUSED_VARIABLE = YES;
				IPHONEOS_DEPLOYMENT_TARGET = 12.4;
				LD_RUNPATH_SEARCH_PATHS = (
					/usr/lib/swift,
					"$(inherited)",
				);
				LIBRARY_SEARCH_PATHS = (
					"\"$(SDKROOT)/usr/lib/swift\"",
					"\"$(TOOLCHAIN_DIR)/usr/lib/swift/$(PLATFORM_NAME)\"",
					"\"$(inherited)\"",
				);
				MTL_ENABLE_DEBUG_INFO = YES;
				ONLY_ACTIVE_ARCH = YES;
				OTHER_CPLUSPLUSFLAGS = (
					"$(OTHER_CFLAGS)",
					"-DFOLLY_NO_CONFIG",
					"-DFOLLY_MOBILE=1",
					"-DFOLLY_USE_LIBCPP=1",
				);
				SDKROOT = iphoneos;
			};
			name = Debug;
		};
		83CBBA211A601CBA00E9B192 /* Release */ = {
			isa = XCBuildConfiguration;
			buildSettings = {
				ALWAYS_SEARCH_USER_PATHS = NO;
				CLANG_ANALYZER_LOCALIZABILITY_NONLOCALIZED = YES;
				CLANG_CXX_LANGUAGE_STANDARD = "c++17";
				CLANG_CXX_LIBRARY = "libc++";
				CLANG_ENABLE_MODULES = YES;
				CLANG_ENABLE_OBJC_ARC = YES;
				CLANG_WARN_BLOCK_CAPTURE_AUTORELEASING = YES;
				CLANG_WARN_BOOL_CONVERSION = YES;
				CLANG_WARN_COMMA = YES;
				CLANG_WARN_CONSTANT_CONVERSION = YES;
				CLANG_WARN_DEPRECATED_OBJC_IMPLEMENTATIONS = YES;
				CLANG_WARN_DIRECT_OBJC_ISA_USAGE = YES_ERROR;
				CLANG_WARN_EMPTY_BODY = YES;
				CLANG_WARN_ENUM_CONVERSION = YES;
				CLANG_WARN_INFINITE_RECURSION = YES;
				CLANG_WARN_INT_CONVERSION = YES;
				CLANG_WARN_NON_LITERAL_NULL_CONVERSION = YES;
				CLANG_WARN_OBJC_IMPLICIT_RETAIN_SELF = YES;
				CLANG_WARN_OBJC_LITERAL_CONVERSION = YES;
				CLANG_WARN_OBJC_ROOT_CLASS = YES_ERROR;
				CLANG_WARN_QUOTED_INCLUDE_IN_FRAMEWORK_HEADER = YES;
				CLANG_WARN_RANGE_LOOP_ANALYSIS = YES;
				CLANG_WARN_STRICT_PROTOTYPES = YES;
				CLANG_WARN_SUSPICIOUS_MOVE = YES;
				CLANG_WARN_UNREACHABLE_CODE = YES;
				CLANG_WARN__DUPLICATE_METHOD_MATCH = YES;
				"CODE_SIGN_IDENTITY[sdk=iphoneos*]" = "iPhone Developer";
				COPY_PHASE_STRIP = YES;
				ENABLE_NS_ASSERTIONS = NO;
				ENABLE_STRICT_OBJC_MSGSEND = YES;
				"EXCLUDED_ARCHS[sdk=iphonesimulator*]" = "";
				GCC_C_LANGUAGE_STANDARD = gnu99;
				GCC_NO_COMMON_BLOCKS = YES;
				GCC_WARN_64_TO_32_BIT_CONVERSION = YES;
				GCC_WARN_ABOUT_RETURN_TYPE = YES_ERROR;
				GCC_WARN_UNDECLARED_SELECTOR = YES;
				GCC_WARN_UNINITIALIZED_AUTOS = YES_AGGRESSIVE;
				GCC_WARN_UNUSED_FUNCTION = YES;
				GCC_WARN_UNUSED_VARIABLE = YES;
				IPHONEOS_DEPLOYMENT_TARGET = 12.4;
				LD_RUNPATH_SEARCH_PATHS = (
					/usr/lib/swift,
					"$(inherited)",
				);
				LIBRARY_SEARCH_PATHS = (
					"\"$(SDKROOT)/usr/lib/swift\"",
					"\"$(TOOLCHAIN_DIR)/usr/lib/swift/$(PLATFORM_NAME)\"",
					"\"$(inherited)\"",
				);
				MTL_ENABLE_DEBUG_INFO = NO;
				OTHER_CPLUSPLUSFLAGS = (
					"$(OTHER_CFLAGS)",
					"-DFOLLY_NO_CONFIG",
					"-DFOLLY_MOBILE=1",
					"-DFOLLY_USE_LIBCPP=1",
				);
				SDKROOT = iphoneos;
				VALIDATE_PRODUCT = YES;
			};
			name = Release;
		};
/* End XCBuildConfiguration section */

/* Begin XCConfigurationList section */
		00E357021AD99517003FC87E /* Build configuration list for PBXNativeTarget "DrawerTestTests" */ = {
			isa = XCConfigurationList;
			buildConfigurations = (
				00E356F61AD99517003FC87E /* Debug */,
				00E356F71AD99517003FC87E /* Release */,
			);
			defaultConfigurationIsVisible = 0;
			defaultConfigurationName = Release;
		};
		13B07F931A680F5B00A75B9A /* Build configuration list for PBXNativeTarget "DrawerTest" */ = {
			isa = XCConfigurationList;
			buildConfigurations = (
				13B07F941A680F5B00A75B9A /* Debug */,
				13B07F951A680F5B00A75B9A /* Release */,
			);
			defaultConfigurationIsVisible = 0;
			defaultConfigurationName = Release;
		};
		83CBB9FA1A601CBA00E9B192 /* Build configuration list for PBXProject "DrawerTest" */ = {
			isa = XCConfigurationList;
			buildConfigurations = (
				83CBBA201A601CBA00E9B192 /* Debug */,
				83CBBA211A601CBA00E9B192 /* Release */,
			);
			defaultConfigurationIsVisible = 0;
			defaultConfigurationName = Release;
		};
/* End XCConfigurationList section */
	};
	rootObject = 83CBB9F71A601CBA00E9B192 /* Project object */;
}
